// !$*UTF8*$!
{
	archiveVersion = 1;
	classes = {
	};
	objectVersion = 60;
	objects = {

/* Begin PBXBuildFile section */
		5C0100000000000000000001 /* ReadoApp.swift in Sources */ = {isa = PBXBuildFile; fileRef = 5B0100000000000000000001 /* ReadoApp.swift */; };
		5C0100000000000000000002 /* AppModel.swift in Sources */ = {isa = PBXBuildFile; fileRef = 5B0100000000000000000002 /* AppModel.swift */; };
		5C0100000000000000000003 /* RootView.swift in Sources */ = {isa = PBXBuildFile; fileRef = 5B0100000000000000000003 /* RootView.swift */; };
		5C0100000000000000000004 /* ReadoKit in Frameworks */ = {isa = PBXBuildFile; productRef = 5A0000000000000000000031 /* ReadoKit */; };
		5C0100000000000000000005 /* ReadoKit in Frameworks */ = {isa = PBXBuildFile; productRef = 5A0000000000000000000031 /* ReadoKit */; };
		5C0200000000000000000001 /* TestSupport.swift in Sources */ = {isa = PBXBuildFile; fileRef = 5B0200000000000000000001 /* TestSupport.swift */; };
		5C0200000000000000000002 /* MigrationAndSeedTests.swift in Sources */ = {isa = PBXBuildFile; fileRef = 5B0200000000000000000002 /* MigrationAndSeedTests.swift */; };
		5C0200000000000000000003 /* ReviewSchedulerTests.swift in Sources */ = {isa = PBXBuildFile; fileRef = 5B0200000000000000000003 /* ReviewSchedulerTests.swift */; };
		5C0200000000000000000004 /* ReviewQueueAndServiceTests.swift in Sources */ = {isa = PBXBuildFile; fileRef = 5B0200000000000000000004 /* ReviewQueueAndServiceTests.swift */; };
		5C0200000000000000000005 /* FoundationPrimitivesTests.swift in Sources */ = {isa = PBXBuildFile; fileRef = 5B0200000000000000000005 /* FoundationPrimitivesTests.swift */; };
		5C0100000000000000000006 /* CaptureView.swift in Sources */ = {isa = PBXBuildFile; fileRef = 5B0100000000000000000010 /* CaptureView.swift */; };
		5C010000000000000000000A /* ExportView.swift in Sources */ = {isa = PBXBuildFile; fileRef = 5B0100000000000000000013 /* ExportView.swift */; };
		5C0200000000000000000007 /* ExportTests.swift in Sources */ = {isa = PBXBuildFile; fileRef = 5B0200000000000000000007 /* ExportTests.swift */; };
		5C0100000000000000000007 /* TOCropViewController in Frameworks */ = {isa = PBXBuildFile; productRef = 5A0000000000000000000033 /* TOCropViewController */; };
		5C0100000000000000000008 /* AnalysisView.swift in Sources */ = {isa = PBXBuildFile; fileRef = 5B0100000000000000000011 /* AnalysisView.swift */; };
		5C0100000000000000000009 /* ReviewQueueView.swift in Sources */ = {isa = PBXBuildFile; fileRef = 5B0100000000000000000012 /* ReviewQueueView.swift */; };
		5C0200000000000000000006 /* AnalysisTests.swift in Sources */ = {isa = PBXBuildFile; fileRef = 5B0200000000000000000006 /* AnalysisTests.swift */; };

		5C0200000100000000000000 /* LeechTests.swift in Sources */ = {isa = PBXBuildFile; fileRef = 5B0200000100000000000000 /* LeechTests.swift */; };

		5C0200000200000000000000 /* CaptureFailureTests.swift in Sources */ = {isa = PBXBuildFile; fileRef = 5B0200000200000000000000 /* CaptureFailureTests.swift */; };

		5C0200000300000000000000 /* DailyProgressTests.swift in Sources */ = {isa = PBXBuildFile; fileRef = 5B0200000300000000000000 /* DailyProgressTests.swift */; };
/* End PBXBuildFile section */

/* Begin PBXFileReference section */
		5A0000000000000000000005 /* ReadoKit */ = {isa = PBXFileReference; lastKnownFileType = wrapper; name = ReadoKit; path = ReadoKit; sourceTree = "<group>"; };
		5A0000000000000000000020 /* Reado.app */ = {isa = PBXFileReference; explicitFileType = wrapper.application; includeInIndex = 0; path = Reado.app; sourceTree = BUILT_PRODUCTS_DIR; };
		5A0000000000000000000021 /* ReadoTests.xctest */ = {isa = PBXFileReference; explicitFileType = wrapper.cfbundle; includeInIndex = 0; path = ReadoTests.xctest; sourceTree = BUILT_PRODUCTS_DIR; };
		5B0100000000000000000001 /* ReadoApp.swift */ = {isa = PBXFileReference; lastKnownFileType = sourcecode.swift; path = ReadoApp.swift; sourceTree = "<group>"; };
		5B0100000000000000000002 /* AppModel.swift */ = {isa = PBXFileReference; lastKnownFileType = sourcecode.swift; path = AppModel.swift; sourceTree = "<group>"; };
		5B0100000000000000000003 /* RootView.swift */ = {isa = PBXFileReference; lastKnownFileType = sourcecode.swift; path = RootView.swift; sourceTree = "<group>"; };
		5B0200000000000000000001 /* TestSupport.swift */ = {isa = PBXFileReference; lastKnownFileType = sourcecode.swift; path = TestSupport.swift; sourceTree = "<group>"; };
		5B0200000000000000000002 /* MigrationAndSeedTests.swift */ = {isa = PBXFileReference; lastKnownFileType = sourcecode.swift; path = MigrationAndSeedTests.swift; sourceTree = "<group>"; };
		5B0200000000000000000003 /* ReviewSchedulerTests.swift */ = {isa = PBXFileReference; lastKnownFileType = sourcecode.swift; path = ReviewSchedulerTests.swift; sourceTree = "<group>"; };
		5B0200000000000000000004 /* ReviewQueueAndServiceTests.swift */ = {isa = PBXFileReference; lastKnownFileType = sourcecode.swift; path = ReviewQueueAndServiceTests.swift; sourceTree = "<group>"; };
		5B0200000000000000000005 /* FoundationPrimitivesTests.swift */ = {isa = PBXFileReference; lastKnownFileType = sourcecode.swift; path = FoundationPrimitivesTests.swift; sourceTree = "<group>"; };
		5B0200000000000000000006 /* AnalysisTests.swift */ = {isa = PBXFileReference; lastKnownFileType = sourcecode.swift; path = AnalysisTests.swift; sourceTree = "<group>"; };
		5B0100000000000000000010 /* CaptureView.swift */ = {isa = PBXFileReference; lastKnownFileType = sourcecode.swift; name = CaptureView.swift; path = Capture/CaptureView.swift; sourceTree = "<group>"; };
		5B0100000000000000000011 /* AnalysisView.swift */ = {isa = PBXFileReference; lastKnownFileType = sourcecode.swift; path = AnalysisView.swift; sourceTree = "<group>"; };
		5B0100000000000000000012 /* ReviewQueueView.swift */ = {isa = PBXFileReference; lastKnownFileType = sourcecode.swift; name = ReviewQueueView.swift; path = Screens/ReviewQueueView.swift; sourceTree = "<group>"; };
		5B0100000000000000000013 /* ExportView.swift */ = {isa = PBXFileReference; lastKnownFileType = sourcecode.swift; path = ExportView.swift; sourceTree = "<group>"; };
		5B0200000000000000000007 /* ExportTests.swift */ = {isa = PBXFileReference; lastKnownFileType = sourcecode.swift; path = ExportTests.swift; sourceTree = "<group>"; };

		5B0200000100000000000000 /* LeechTests.swift */ = {isa = PBXFileReference; lastKnownFileType = sourcecode.swift; path = LeechTests.swift; sourceTree = "<group>"; };

		5B0200000200000000000000 /* CaptureFailureTests.swift */ = {isa = PBXFileReference; lastKnownFileType = sourcecode.swift; path = CaptureFailureTests.swift; sourceTree = "<group>"; };

		5B0200000300000000000000 /* DailyProgressTests.swift */ = {isa = PBXFileReference; lastKnownFileType = sourcecode.swift; path = DailyProgressTests.swift; sourceTree = "<group>"; };
/* End PBXFileReference section */

/* Begin PBXFrameworksBuildPhase section */
		5D0100000000000000000002 /* Frameworks */ = {
			isa = PBXFrameworksBuildPhase;
			buildActionMask = 2147483647;
			files = (
				5C0100000000000000000004 /* ReadoKit in Frameworks */,
				5C0100000000000000000007 /* TOCropViewController in Frameworks */,
			);
			runOnlyForDeploymentPostprocessing = 0;
		};
		5D0200000000000000000002 /* Frameworks */ = {
			isa = PBXFrameworksBuildPhase;
			buildActionMask = 2147483647;
			files = (
				5C0100000000000000000005 /* ReadoKit in Frameworks */,
			);
			runOnlyForDeploymentPostprocessing = 0;
		};
/* End PBXFrameworksBuildPhase section */

/* Begin PBXGroup section */
		5A0000000000000000000001 = {
			isa = PBXGroup;
			children = (
				5A0000000000000000000005 /* ReadoKit */,
				5A0000000000000000000003 /* Reado */,
				5A0000000000000000000004 /* ReadoTests */,
				5A0000000000000000000002 /* Products */,
			);
			sourceTree = "<group>";
		};
		5A0000000000000000000002 /* Products */ = {
			isa = PBXGroup;
			children = (
				5A0000000000000000000020 /* Reado.app */,
				5A0000000000000000000021 /* ReadoTests.xctest */,
			);
			name = Products;
			sourceTree = "<group>";
		};
		5A0000000000000000000003 /* Reado */ = {
			isa = PBXGroup;
			children = (
				5B0100000000000000000001 /* ReadoApp.swift */,
				5B0100000000000000000002 /* AppModel.swift */,
				5B0100000000000000000003 /* RootView.swift */,
				5B0100000000000000000010 /* CaptureView.swift */,
				5B0100000000000000000011 /* AnalysisView.swift */,
				5B0100000000000000000012 /* ReviewQueueView.swift */,
				5B0100000000000000000013 /* ExportView.swift */,
			);
			path = Reado;
			sourceTree = "<group>";
		};
		5A0000000000000000000004 /* ReadoTests */ = {
			isa = PBXGroup;
			children = (
				5B0200000000000000000001 /* TestSupport.swift */,
				5B0200000000000000000002 /* MigrationAndSeedTests.swift */,
				5B0200000000000000000003 /* ReviewSchedulerTests.swift */,
				5B0200000000000000000004 /* ReviewQueueAndServiceTests.swift */,
				5B0200000000000000000005 /* FoundationPrimitivesTests.swift */,
				5B0200000000000000000006 /* AnalysisTests.swift */,
				5B0200000000000000000007 /* ExportTests.swift */,
			
				5B0200000100000000000000 /* LeechTests.swift */,
				5B0200000200000000000000 /* CaptureFailureTests.swift */,
				5B0200000300000000000000 /* DailyProgressTests.swift */,);
			path = ReadoTests;
			sourceTree = "<group>";
		};
/* End PBXGroup section */

/* Begin PBXNativeTarget section */
		5A0000000000000000000011 /* Reado */ = {
			isa = PBXNativeTarget;
			buildConfigurationList = 5E0000000000000000000002 /* Build configuration list for PBXNativeTarget "Reado" */;
			buildPhases = (
				5D0100000000000000000001 /* Sources */,
				5D0100000000000000000002 /* Frameworks */,
				5D0100000000000000000003 /* Resources */,
			);
			buildRules = (
			);
			dependencies = (
			);
			name = Reado;
			packageProductDependencies = (
				5A0000000000000000000031 /* ReadoKit */,
				5A0000000000000000000033 /* TOCropViewController */,
			);
			productName = Reado;
			productReference = 5A0000000000000000000020 /* Reado.app */;
			productType = "com.apple.product-type.application";
		};
		5A0000000000000000000012 /* ReadoTests */ = {
			isa = PBXNativeTarget;
			buildConfigurationList = 5E0000000000000000000003 /* Build configuration list for PBXNativeTarget "ReadoTests" */;
			buildPhases = (
				5D0200000000000000000001 /* Sources */,
				5D0200000000000000000002 /* Frameworks */,
				5D0200000000000000000003 /* Resources */,
			);
			buildRules = (
			);
			dependencies = (
			);
			name = ReadoTests;
			packageProductDependencies = (
				5A0000000000000000000031 /* ReadoKit */,
			);
			productName = ReadoTests;
			productReference = 5A0000000000000000000021 /* ReadoTests.xctest */;
			productType = "com.apple.product-type.bundle.unit-test";
		};
/* End PBXNativeTarget section */

/* Begin PBXProject section */
		5A0000000000000000000010 /* Project object */ = {
			isa = PBXProject;
			attributes = {
				BuildIndependentTargetsInParallel = 1;
				LastSwiftUpdateCheck = 2600;
				LastUpgradeCheck = 2600;
			};
			buildConfigurationList = 5E0000000000000000000001 /* Build configuration list for PBXProject "Reado" */;
			compatibilityVersion = "Xcode 15.0";
			developmentRegion = en;
			hasScannedForEncodings = 0;
			knownRegions = (
				en,
				Base,
			);
			mainGroup = 5A0000000000000000000001;
			packageReferences = (
				5A0000000000000000000030 /* XCLocalSwiftPackageReference "ReadoKit" */,
				5A0000000000000000000032 /* XCRemoteSwiftPackageReference "TOCropViewController" */,
			);
			productRefGroup = 5A0000000000000000000002 /* Products */;
			projectDirPath = "";
			projectRoot = "";
			targets = (
				5A0000000000000000000011 /* Reado */,
				5A0000000000000000000012 /* ReadoTests */,
			);
		};
/* End PBXProject section */

/* Begin PBXResourcesBuildPhase section */
		5D0100000000000000000003 /* Resources */ = {
			isa = PBXResourcesBuildPhase;
			buildActionMask = 2147483647;
			files = (
			);
			runOnlyForDeploymentPostprocessing = 0;
		};
		5D0200000000000000000003 /* Resources */ = {
			isa = PBXResourcesBuildPhase;
			buildActionMask = 2147483647;
			files = (
			);
			runOnlyForDeploymentPostprocessing = 0;
		};
/* End PBXResourcesBuildPhase section */

/* Begin PBXSourcesBuildPhase section */
		5D0100000000000000000001 /* Sources */ = {
			isa = PBXSourcesBuildPhase;
			buildActionMask = 2147483647;
			files = (
				5C0100000000000000000001 /* ReadoApp.swift in Sources */,
				5C0100000000000000000002 /* AppModel.swift in Sources */,
				5C0100000000000000000003 /* RootView.swift in Sources */,
				5C0100000000000000000006 /* CaptureView.swift in Sources */,
				5C010000000000000000000A /* ExportView.swift in Sources */,
				5C0100000000000000000008 /* AnalysisView.swift in Sources */,
				5C0100000000000000000009 /* ReviewQueueView.swift in Sources */,
			);
			runOnlyForDeploymentPostprocessing = 0;
		};
		5D0200000000000000000001 /* Sources */ = {
			isa = PBXSourcesBuildPhase;
			buildActionMask = 2147483647;
			files = (
				5C0200000000000000000001 /* TestSupport.swift in Sources */,
				5C0200000000000000000002 /* MigrationAndSeedTests.swift in Sources */,
				5C0200000000000000000003 /* ReviewSchedulerTests.swift in Sources */,
				5C0200000000000000000004 /* ReviewQueueAndServiceTests.swift in Sources */,
				5C0200000000000000000005 /* FoundationPrimitivesTests.swift in Sources */,
				5C0200000000000000000006 /* AnalysisTests.swift in Sources */,
				5C0200000000000000000007 /* ExportTests.swift in Sources */,
			
				5C0200000100000000000000 /* LeechTests.swift in Sources */,
				5C0200000200000000000000 /* CaptureFailureTests.swift in Sources */,
				5C0200000300000000000000 /* DailyProgressTests.swift in Sources */,);
			runOnlyForDeploymentPostprocessing = 0;
		};
/* End PBXSourcesBuildPhase section */

/* Begin XCSwiftPackageProductDependency section */
		5A0000000000000000000031 /* ReadoKit */ = {
			isa = XCSwiftPackageProductDependency;
			package = 5A0000000000000000000030 /* XCLocalSwiftPackageReference "ReadoKit" */;
			productName = ReadoKit;
		};
		5A0000000000000000000033 /* TOCropViewController */ = {
			isa = XCSwiftPackageProductDependency;
			package = 5A0000000000000000000032 /* XCRemoteSwiftPackageReference "TOCropViewController" */;
			productName = TOCropViewController;
		};
/* End XCSwiftPackageProductDependency section */

/* Begin XCBuildConfiguration section */
		5F0000000000000000000001 /* Debug */ = {
			isa = XCBuildConfiguration;
			buildSettings = {
				ALWAYS_SEARCH_USER_PATHS = NO;
				CLANG_ENABLE_MODULES = YES;
				CLANG_ENABLE_OBJC_ARC = YES;
				COPY_PHASE_STRIP = NO;
				DEBUG_INFORMATION_FORMAT = dwarf;
				ENABLE_TESTABILITY = YES;
				GCC_C_LANGUAGE_STANDARD = gnu17;
				GCC_DYNAMIC_NO_PIC = NO;
				GCC_OPTIMIZATION_LEVEL = 0;
				GCC_PREPROCESSOR_DEFINITIONS = (
					"DEBUG=1",
					"$(inherited)",
				);
				IPHONEOS_DEPLOYMENT_TARGET = 17.0;
				MTL_ENABLE_DEBUG_INFO = INCLUDE_SOURCE;
				MTL_FAST_MATH = YES;
				ONLY_ACTIVE_ARCH = YES;
				SDKROOT = iphoneos;
				SWIFT_ACTIVE_COMPILATION_CONDITIONS = "DEBUG $(inherited)";
				SWIFT_OPTIMIZATION_LEVEL = "-Onone";
			};
			name = Debug;
		};
		5F0000000000000000000002 /* Release */ = {
			isa = XCBuildConfiguration;
			buildSettings = {
				ALWAYS_SEARCH_USER_PATHS = NO;
				CLANG_ENABLE_MODULES = YES;
				CLANG_ENABLE_OBJC_ARC = YES;
				COPY_PHASE_STRIP = NO;
				DEBUG_INFORMATION_FORMAT = "dwarf-with-dsym";
				ENABLE_NS_ASSERTIONS = NO;
				GCC_C_LANGUAGE_STANDARD = gnu17;
				IPHONEOS_DEPLOYMENT_TARGET = 17.0;
				MTL_ENABLE_DEBUG_INFO = NO;
				MTL_FAST_MATH = YES;
				SDKROOT = iphoneos;
				SWIFT_COMPILATION_MODE = wholemodule;
				VALIDATE_PRODUCT = YES;
			};
			name = Release;
		};
		5F0000000000000000000003 /* Debug */ = {
			isa = XCBuildConfiguration;
			buildSettings = {
				CODE_SIGN_STYLE = Automatic;
				CURRENT_PROJECT_VERSION = 1;
				GENERATE_INFOPLIST_FILE = YES;
				INFOPLIST_KEY_CFBundleDisplayName = Reado;
				INFOPLIST_KEY_UIApplicationSceneManifest_Generation = YES;
				INFOPLIST_KEY_UIApplicationSupportsIndirectInputEvents = YES;
				INFOPLIST_KEY_UILaunchScreen_Generation = YES;
				INFOPLIST_KEY_UISupportedInterfaceOrientations_iPad = "UIInterfaceOrientationPortrait UIInterfaceOrientationPortraitUpsideDown UIInterfaceOrientationLandscapeLeft UIInterfaceOrientationLandscapeRight";
				INFOPLIST_KEY_UISupportedInterfaceOrientations_iPhone = "UIInterfaceOrientationPortrait UIInterfaceOrientationLandscapeLeft UIInterfaceOrientationLandscapeRight";
				IPHONEOS_DEPLOYMENT_TARGET = 17.0;
				LD_RUNPATH_SEARCH_PATHS = (
					"$(inherited)",
					"@executable_path/Frameworks",
				);
				MARKETING_VERSION = 0.1;
				PRODUCT_BUNDLE_IDENTIFIER = com.reado.app;
				PRODUCT_NAME = "$(TARGET_NAME)";
				SWIFT_EMIT_LOC_STRINGS = YES;
				SWIFT_VERSION = 5.0;
				TARGETED_DEVICE_FAMILY = "1,2";
			};
			name = Debug;
		};
		5F0000000000000000000004 /* Release */ = {
			isa = XCBuildConfiguration;
			buildSettings = {
				CODE_SIGN_STYLE = Automatic;
				CURRENT_PROJECT_VERSION = 1;
				GENERATE_INFOPLIST_FILE = YES;
				INFOPLIST_KEY_CFBundleDisplayName = Reado;
				INFOPLIST_KEY_UIApplicationSceneManifest_Generation = YES;
				INFOPLIST_KEY_UIApplicationSupportsIndirectInputEvents = YES;
				INFOPLIST_KEY_UILaunchScreen_Generation = YES;
				INFOPLIST_KEY_UISupportedInterfaceOrientations_iPad = "UIInterfaceOrientationPortrait UIInterfaceOrientationPortraitUpsideDown UIInterfaceOrientationLandscapeLeft UIInterfaceOrientationLandscapeRight";
				INFOPLIST_KEY_UISupportedInterfaceOrientations_iPhone = "UIInterfaceOrientationPortrait UIInterfaceOrientationLandscapeLeft UIInterfaceOrientationLandscapeRight";
				IPHONEOS_DEPLOYMENT_TARGET = 17.0;
				LD_RUNPATH_SEARCH_PATHS = (
					"$(inherited)",
					"@executable_path/Frameworks",
				);
				MARKETING_VERSION = 0.1;
				PRODUCT_BUNDLE_IDENTIFIER = com.reado.app;
				PRODUCT_NAME = "$(TARGET_NAME)";
				SWIFT_EMIT_LOC_STRINGS = YES;
				SWIFT_VERSION = 5.0;
				TARGETED_DEVICE_FAMILY = "1,2";
			};
			name = Release;
		};
		5F0000000000000000000005 /* Debug */ = {
			isa = XCBuildConfiguration;
			buildSettings = {
				CODE_SIGN_STYLE = Automatic;
				GENERATE_INFOPLIST_FILE = YES;
				IPHONEOS_DEPLOYMENT_TARGET = 17.0;
				LD_RUNPATH_SEARCH_PATHS = (
					"$(inherited)",
					"@executable_path/Frameworks",
					"@loader_path/Frameworks",
				);
				PRODUCT_BUNDLE_IDENTIFIER = com.reado.app.tests;
				PRODUCT_NAME = "$(TARGET_NAME)";
				SWIFT_EMIT_LOC_STRINGS = NO;
				SWIFT_VERSION = 5.0;
				TARGETED_DEVICE_FAMILY = "1,2";
			};
			name = Debug;
		};
		5F0000000000000000000006 /* Release */ = {
			isa = XCBuildConfiguration;
			buildSettings = {
				CODE_SIGN_STYLE = Automatic;
				GENERATE_INFOPLIST_FILE = YES;
				IPHONEOS_DEPLOYMENT_TARGET = 17.0;
				LD_RUNPATH_SEARCH_PATHS = (
					"$(inherited)",
					"@executable_path/Frameworks",
					"@loader_path/Frameworks",
				);
				PRODUCT_BUNDLE_IDENTIFIER = com.reado.app.tests;
				PRODUCT_NAME = "$(TARGET_NAME)";
				SWIFT_EMIT_LOC_STRINGS = NO;
				SWIFT_VERSION = 5.0;
				TARGETED_DEVICE_FAMILY = "1,2";
			};
			name = Release;
		};
/* End XCBuildConfiguration section */

/* Begin XCConfigurationList section */
		5E0000000000000000000001 /* Build configuration list for PBXProject "Reado" */ = {
			isa = XCConfigurationList;
			buildConfigurations = (
				5F0000000000000000000001 /* Debug */,
				5F0000000000000000000002 /* Release */,
			);
			defaultConfigurationIsVisible = 0;
			defaultConfigurationName = Release;
		};
		5E0000000000000000000002 /* Build configuration list for PBXNativeTarget "Reado" */ = {
			isa = XCConfigurationList;
			buildConfigurations = (
				5F0000000000000000000003 /* Debug */,
				5F0000000000000000000004 /* Release */,
			);
			defaultConfigurationIsVisible = 0;
			defaultConfigurationName = Release;
		};
		5E0000000000000000000003 /* Build configuration list for PBXNativeTarget "ReadoTests" */ = {
			isa = XCConfigurationList;
			buildConfigurations = (
				5F0000000000000000000005 /* Debug */,
				5F0000000000000000000006 /* Release */,
			);
			defaultConfigurationIsVisible = 0;
			defaultConfigurationName = Release;
		};
/* End XCConfigurationList section */

/* Begin XCLocalSwiftPackageReference section */
		5A0000000000000000000030 /* XCLocalSwiftPackageReference "ReadoKit" */ = {
			isa = XCLocalSwiftPackageReference;
			relativePath = ReadoKit;
		};
/* End XCLocalSwiftPackageReference section */
/* Begin XCRemoteSwiftPackageReference section */
		5A0000000000000000000032 /* XCRemoteSwiftPackageReference "TOCropViewController" */ = {
			isa = XCRemoteSwiftPackageReference;
			repositoryURL = "https://github.com/TimOliver/TOCropViewController.git";
			requirement = {
				kind = upToNextMajorVersion;
				minimumVersion = 3.0.0;
			};
		};
/* End XCRemoteSwiftPackageReference section */

	};
	rootObject = 5A0000000000000000000010 /* Project object */;
}